<?xml version="1.0" encoding="utf-8"?>
<Project ToolsVersion="4.0" xmlns="http://schemas.microsoft.com/developer/msbuild/2003">
  <ItemGroup>
    <Filter Include="Source Files">
      <UniqueIdentifier>{4FC737F1-C7A5-4376-A066-2A32D752A2FF}</UniqueIdentifier>
      <Extensions>cpp;c;cc;cxx;def;odl;idl;hpj;bat;asm;asmx</Extensions>
    </Filter>
    <Filter Include="Header Files">
      <UniqueIdentifier>{93995380-89BD-4b04-88EB-625FBE52EBFB}</UniqueIdentifier>
      <Extensions>h;hpp;hxx;hm;inl;inc;xsd</Extensions>
    </Filter>
    <Filter Include="Resource Files">
      <UniqueIdentifier>{67DA6AB6-F800-4c08-8B7A-83BB121AAD01}</UniqueIdentifier>
      <Extensions>rc;ico;cur;bmp;dlg;rc2;rct;bin;rgs;gif;jpg;jpeg;jpe;resx;tiff;tif;png;wav;mfcribbon-ms</Extensions>
    </Filter>
    <Filter Include="Header Files\Moves">
      <UniqueIdentifier>{2c6e68ad-cc89-485b-ac8e-4c1716a90842}</UniqueIdentifier>
    </Filter>
    <Filter Include="Source Files\Moves">
      <UniqueIdentifier>{951d3553-754c-4c21-9fd6-f2fdf13f52bd}</UniqueIdentifier>
    </Filter>
    <Filter Include="Header Files\AI">
      <UniqueIdentifier>{0ec5f025-a9e1-4f20-b761-d2984f59d6fa}</UniqueIdentifier>
    </Filter>
    <Filter Include="Source Files\AI">
      <UniqueIdentifier>{e74082f4-0e0c-43d5-b0dc-4c427c9d8532}</UniqueIdentifier>
    </Filter>
  </ItemGroup>
  <ItemGroup>
    <ClCompile Include="runme.cpp">
      <Filter>Source Files</Filter>
    </ClCompile>
    <ClCompile Include="StickFigure.cpp">
      <Filter>Source Files</Filter>
    </ClCompile>
    <ClCompile Include="Controller.cpp">
      <Filter>Source Files</Filter>
    </ClCompile>
    <ClCompile Include="Player.cpp">
      <Filter>Source Files</Filter>
    </ClCompile>
    <ClCompile Include="BackKick.cpp">
      <Filter>Source Files\Moves</Filter>
    </ClCompile>
    <ClCompile Include="BasicKick.cpp">
      <Filter>Source Files\Moves</Filter>
    </ClCompile>
    <ClCompile Include="BasicPunch.cpp">
      <Filter>Source Files\Moves</Filter>
    </ClCompile>
    <ClCompile Include="Cross.cpp">
      <Filter>Source Files\Moves</Filter>
    </ClCompile>
    <ClCompile Include="IdleMove.cpp">
      <Filter>Source Files\Moves</Filter>
    </ClCompile>
    <ClCompile Include="Jump.cpp">
      <Filter>Source Files\Moves</Filter>
    </ClCompile>
    <ClCompile Include="Movement.cpp">
      <Filter>Source Files\Moves</Filter>
    </ClCompile>
    <ClCompile Include="SpinPunch.cpp">
      <Filter>Source Files\Moves</Filter>
    </ClCompile>
    <ClCompile Include="UpperCut.cpp">
      <Filter>Source Files\Moves</Filter>
    </ClCompile>
    <ClCompile Include="CartWheel.cpp">
      <Filter>Source Files\Moves</Filter>
    </ClCompile>
    <ClCompile Include="SideKick.cpp">
      <Filter>Source Files\Moves</Filter>
    </ClCompile>
    <ClCompile Include="FlyingKnee.cpp">
      <Filter>Source Files\Moves</Filter>
    </ClCompile>
    <ClCompile Include="..\..\..\..\..\Downloads\glm-0.9.3.3\glm\core\dummy.cpp">
      <Filter>Source Files</Filter>
    </ClCompile>
    <ClCompile Include="BicycleKick.cpp">
      <Filter>Source Files\Moves</Filter>
    </ClCompile>
    <ClCompile Include="BicycleKick2.cpp">
      <Filter>Source Files\Moves</Filter>
    </ClCompile>
    <ClCompile Include="HandKick.cpp">
      <Filter>Source Files\Moves</Filter>
    </ClCompile>
    <ClCompile Include="Singleton.cpp">
      <Filter>Source Files</Filter>
    </ClCompile>
    <ClCompile Include="Matrix.cpp">
      <Filter>Source Files</Filter>
    </ClCompile>
    <ClCompile Include="Damaged.cpp">
      <Filter>Source Files\Moves</Filter>
    </ClCompile>
    <ClCompile Include="BasicIntelligence.cpp">
      <Filter>Source Files\AI</Filter>
    </ClCompile>
  </ItemGroup>
  <ItemGroup>
    <ClInclude Include="StickFigure.h">
      <Filter>Header Files</Filter>
    </ClInclude>
    <ClInclude Include="Controller.h">
      <Filter>Header Files</Filter>
    </ClInclude>
    <ClInclude Include="Drawable.h">
      <Filter>Header Files</Filter>
    </ClInclude>
    <ClInclude Include="Player.h">
      <Filter>Header Files</Filter>
    </ClInclude>
    <ClInclude Include="Observer.h">
      <Filter>Header Files</Filter>
    </ClInclude>
    <ClInclude Include="BackKick.h">
      <Filter>Header Files\Moves</Filter>
    </ClInclude>
    <ClInclude Include="BasicKick.h">
      <Filter>Header Files\Moves</Filter>
    </ClInclude>
    <ClInclude Include="BasicPunch.h">
      <Filter>Header Files\Moves</Filter>
    </ClInclude>
    <ClInclude Include="Cross.h">
      <Filter>Header Files\Moves</Filter>
    </ClInclude>
    <ClInclude Include="Jump.h">
      <Filter>Header Files\Moves</Filter>
    </ClInclude>
    <ClInclude Include="Movement.h">
      <Filter>Header Files\Moves</Filter>
    </ClInclude>
    <ClInclude Include="UpperCut.h">
      <Filter>Header Files\Moves</Filter>
    </ClInclude>
    <ClInclude Include="SpinPunch.h">
      <Filter>Header Files\Moves</Filter>
    </ClInclude>
    <ClInclude Include="IdleMove.h">
      <Filter>Header Files\Moves</Filter>
    </ClInclude>
    <ClInclude Include="CartWheel.h">
      <Filter>Header Files\Moves</Filter>
    </ClInclude>
    <ClInclude Include="SideKick.h">
      <Filter>Header Files\Moves</Filter>
    </ClInclude>
    <ClInclude Include="FlyingKnee.h">
      <Filter>Header Files\Moves</Filter>
    </ClInclude>
    <ClInclude Include="BicycleKick.h">
      <Filter>Header Files\Moves</Filter>
    </ClInclude>
    <ClInclude Include="BicycleKick2.h">
      <Filter>Header Files\Moves</Filter>
    </ClInclude>
    <ClInclude Include="HandKick.h">
      <Filter>Header Files\Moves</Filter>
    </ClInclude>
    <ClInclude Include="Singleton.h">
      <Filter>Header Files</Filter>
    </ClInclude>
    <ClInclude Include="Matrix.h">
      <Filter>Header Files</Filter>
    </ClInclude>
    <ClInclude Include="Damaged.h">
      <Filter>Header Files\Moves</Filter>
    </ClInclude>
    <ClInclude Include="Collidable.h">
      <Filter>Header Files</Filter>
    </ClInclude>
    <ClInclude Include="ArtificialIntelligence.h">
      <Filter>Header Files\AI</Filter>
    </ClInclude>
    <ClInclude Include="BasicIntelligence.h">
      <Filter>Header Files\AI</Filter>
    </ClInclude>
  </ItemGroup>
</Project>